
Microsoft Visual Studio Solution File, Format Version 12.00
# Visual Studio Version 16
VisualStudioVersion = 16.0.29911.84
MinimumVisualStudioVersion = 10.0.40219.1
Project("{9A19103F-16F7-4668-BE54-9A1E7A4F7556}") = "SampleProject", "SampleProject\SampleProject.csproj", "{EEBC4033-12BB-476E-B9C7-B253F4408D5E}"
EndProject
Project("{FAE04EC0-301F-11D3-BF4B-00C04F79EFBC}") = "SampleProjeect.Stryker.Tests", "SampleProject.Tests\SampleProjeect.Stryker.Tests.csproj", "{D151EED3-7C9B-4FE4-95E5-46198125FEA5}"
EndProject
Project("{FAE04EC0-301F-11D3-BF4B-00C04F79EFBC}") = "SampleProject.Mutation.Tests", "SampleProject.Mutation.Tests\SampleProject.Mutation.Tests.csproj", "{49F7BB4B-141C-45A4-A891-C0F882314F25}"
EndProject
Global
	GlobalSection(SolutionConfigurationPlatforms) = preSolution
		Debug|Any CPU = Debug|Any CPU
		Release|Any CPU = Release|Any CPU
	EndGlobalSection
	GlobalSection(ProjectConfigurationPlatforms) = postSolution
		{EEBC4033-12BB-476E-B9C7-B253F4408D5E}.Debug|Any CPU.ActiveCfg = Debug|Any CPU
		{EEBC4033-12BB-476E-B9C7-B253F4408D5E}.Debug|Any CPU.Build.0 = Debug|Any CPU
		{EEBC4033-12BB-476E-B9C7-B253F4408D5E}.Release|Any CPU.ActiveCfg = Release|Any CPU
		{EEBC4033-12BB-476E-B9C7-B253F4408D5E}.Release|Any CPU.Build.0 = Release|Any CPU
		{D151EED3-7C9B-4FE4-95E5-46198125FEA5}.Debug|Any CPU.ActiveCfg = Debug|Any CPU
		{D151EED3-7C9B-4FE4-95E5-46198125FEA5}.Debug|Any CPU.Build.0 = Debug|Any CPU
		{D151EED3-7C9B-4FE4-95E5-46198125FEA5}.Release|Any CPU.ActiveCfg = Release|Any CPU
		{D151EED3-7C9B-4FE4-95E5-46198125FEA5}.Release|Any CPU.Build.0 = Release|Any CPU
		{49F7BB4B-141C-45A4-A891-C0F882314F25}.Debug|Any CPU.ActiveCfg = Debug|Any CPU
		{49F7BB4B-141C-45A4-A891-C0F882314F25}.Debug|Any CPU.Build.0 = Debug|Any CPU
		{49F7BB4B-141C-45A4-A891-C0F882314F25}.Release|Any CPU.ActiveCfg = Release|Any CPU
		{49F7BB4B-141C-45A4-A891-C0F882314F25}.Release|Any CPU.Build.0 = Release|Any CPU
	EndGlobalSection
	GlobalSection(SolutionProperties) = preSolution
		HideSolutionNode = FALSE
	EndGlobalSection
	GlobalSection(ExtensibilityGlobals) = postSolution
		SolutionGuid = {3DC6D97B-1E5C-42FE-8DE6-F26D433DCB0F}
	EndGlobalSection
EndGlobal
